// !$*UTF8*$!
{
	archiveVersion = 1;
	classes = {
	};
	objectVersion = 46;
	objects = {

/* Begin PBXBuildFile section */
		B655CCDA1A262FF0005E2CDE /* main.m in Sources */ = {isa = PBXBuildFile; fileRef = B655CCD91A262FF0005E2CDE /* main.m */; };
		B655CCDD1A262FF0005E2CDE /* AppDelegate.m in Sources */ = {isa = PBXBuildFile; fileRef = B655CCDC1A262FF0005E2CDE /* AppDelegate.m */; };
		B655CCE01A262FF0005E2CDE /* ViewController.m in Sources */ = {isa = PBXBuildFile; fileRef = B655CCDF1A262FF0005E2CDE /* ViewController.m */; };
		B655CCE31A262FF0005E2CDE /* Main.storyboard in Resources */ = {isa = PBXBuildFile; fileRef = B655CCE11A262FF0005E2CDE /* Main.storyboard */; };
		B655CCE51A262FF0005E2CDE /* Images.xcassets in Resources */ = {isa = PBXBuildFile; fileRef = B655CCE41A262FF0005E2CDE /* Images.xcassets */; };
		B655CCE81A262FF0005E2CDE /* LaunchScreen.xib in Resources */ = {isa = PBXBuildFile; fileRef = B655CCE61A262FF0005E2CDE /* LaunchScreen.xib */; };
		B655CCF41A262FF0005E2CDE /* IMBenchmark_ExampleTests.m in Sources */ = {isa = PBXBuildFile; fileRef = B655CCF31A262FF0005E2CDE /* IMBenchmark_ExampleTests.m */; };
		B655CD001A263052005E2CDE /* IMBenchmark.m in Sources */ = {isa = PBXBuildFile; fileRef = B655CCFF1A263052005E2CDE /* IMBenchmark.m */; };
/* End PBXBuildFile section */

/* Begin PBXContainerItemProxy section */
		B655CCEE1A262FF0005E2CDE /* PBXContainerItemProxy */ = {
			isa = PBXContainerItemProxy;
			containerPortal = B655CCCC1A262FF0005E2CDE /* Project object */;
			proxyType = 1;
			remoteGlobalIDString = B655CCD31A262FF0005E2CDE;
			remoteInfo = "IMBenchmark-Example";
		};
/* End PBXContainerItemProxy section */

/* Begin PBXFileReference section */
		B655CCD41A262FF0005E2CDE /* IMBenchmark-Example.app */ = {isa = PBXFileReference; explicitFileType = wrapper.application; includeInIndex = 0; path = "IMBenchmark-Example.app"; sourceTree = BUILT_PRODUCTS_DIR; };
		B655CCD81A262FF0005E2CDE /* Info.plist */ = {isa = PBXFileReference; lastKnownFileType = text.plist.xml; path = Info.plist; sourceTree = "<group>"; };
		B655CCD91A262FF0005E2CDE /* main.m */ = {isa = PBXFileReference; lastKnownFileType = sourcecode.c.objc; path = main.m; sourceTree = "<group>"; };
		B655CCDB1A262FF0005E2CDE /* AppDelegate.h */ = {isa = PBXFileReference; lastKnownFileType = sourcecode.c.h; path = AppDelegate.h; sourceTree = "<group>"; };
		B655CCDC1A262FF0005E2CDE /* AppDelegate.m */ = {isa = PBXFileReference; lastKnownFileType = sourcecode.c.objc; path = AppDelegate.m; sourceTree = "<group>"; };
		B655CCDE1A262FF0005E2CDE /* ViewController.h */ = {isa = PBXFileReference; lastKnownFileType = sourcecode.c.h; path = ViewController.h; sourceTree = "<group>"; };
		B655CCDF1A262FF0005E2CDE /* ViewController.m */ = {isa = PBXFileReference; lastKnownFileType = sourcecode.c.objc; path = ViewController.m; sourceTree = "<group>"; };
		B655CCE21A262FF0005E2CDE /* Base */ = {isa = PBXFileReference; lastKnownFileType = file.storyboard; name = Base; path = Base.lproj/Main.storyboard; sourceTree = "<group>"; };
		B655CCE41A262FF0005E2CDE /* Images.xcassets */ = {isa = PBXFileReference; lastKnownFileType = folder.assetcatalog; path = Images.xcassets; sourceTree = "<group>"; };
		B655CCE71A262FF0005E2CDE /* Base */ = {isa = PBXFileReference; lastKnownFileType = file.xib; name = Base; path = Base.lproj/LaunchScreen.xib; sourceTree = "<group>"; };
		B655CCED1A262FF0005E2CDE /* IMBenchmark-ExampleTests.xctest */ = {isa = PBXFileReference; explicitFileType = wrapper.cfbundle; includeInIndex = 0; path = "IMBenchmark-ExampleTests.xctest"; sourceTree = BUILT_PRODUCTS_DIR; };
		B655CCF21A262FF0005E2CDE /* Info.plist */ = {isa = PBXFileReference; lastKnownFileType = text.plist.xml; path = Info.plist; sourceTree = "<group>"; };
		B655CCF31A262FF0005E2CDE /* IMBenchmark_ExampleTests.m */ = {isa = PBXFileReference; lastKnownFileType = sourcecode.c.objc; path = IMBenchmark_ExampleTests.m; sourceTree = "<group>"; };
		B655CCFE1A263052005E2CDE /* IMBenchmark.h */ = {isa = PBXFileReference; fileEncoding = 4; lastKnownFileType = sourcecode.c.h; name = IMBenchmark.h; path = ../../Classes/IMBenchmark.h; sourceTree = "<group>"; };
		B655CCFF1A263052005E2CDE /* IMBenchmark.m */ = {isa = PBXFileReference; fileEncoding = 4; lastKnownFileType = sourcecode.c.objc; name = IMBenchmark.m; path = ../../Classes/IMBenchmark.m; sourceTree = "<group>"; };
/* End PBXFileReference section */

/* Begin PBXFrameworksBuildPhase section */
		B655CCD11A262FF0005E2CDE /* Frameworks */ = {
			isa = PBXFrameworksBuildPhase;
			buildActionMask = 2147483647;
			files = (
			);
			runOnlyForDeploymentPostprocessing = 0;
		};
		B655CCEA1A262FF0005E2CDE /* Frameworks */ = {
			isa = PBXFrameworksBuildPhase;
			buildActionMask = 2147483647;
			files = (
			);
			runOnlyForDeploymentPostprocessing = 0;
		};
/* End PBXFrameworksBuildPhase section */

/* Begin PBXGroup section */
		B655CCCB1A262FF0005E2CDE = {
			isa = PBXGroup;
			children = (
				B655CCD61A262FF0005E2CDE /* IMBenchmark-Example */,
				B655CCF01A262FF0005E2CDE /* IMBenchmark-ExampleTests */,
				B655CCD51A262FF0005E2CDE /* Products */,
			);
			sourceTree = "<group>";
		};
		B655CCD51A262FF0005E2CDE /* Products */ = {
			isa = PBXGroup;
			children = (
				B655CCD41A262FF0005E2CDE /* IMBenchmark-Example.app */,
				B655CCED1A262FF0005E2CDE /* IMBenchmark-ExampleTests.xctest */,
			);
			name = Products;
			sourceTree = "<group>";
		};
		B655CCD61A262FF0005E2CDE /* IMBenchmark-Example */ = {
			isa = PBXGroup;
			children = (
				B655CCFD1A263035005E2CDE /* IMBenchmark */,
				B655CCDB1A262FF0005E2CDE /* AppDelegate.h */,
				B655CCDC1A262FF0005E2CDE /* AppDelegate.m */,
				B655CCDE1A262FF0005E2CDE /* ViewController.h */,
				B655CCDF1A262FF0005E2CDE /* ViewController.m */,
				B655CCE11A262FF0005E2CDE /* Main.storyboard */,
				B655CCE41A262FF0005E2CDE /* Images.xcassets */,
				B655CCE61A262FF0005E2CDE /* LaunchScreen.xib */,
				B655CCD71A262FF0005E2CDE /* Supporting Files */,
			);
			path = "IMBenchmark-Example";
			sourceTree = "<group>";
		};
		B655CCD71A262FF0005E2CDE /* Supporting Files */ = {
			isa = PBXGroup;
			children = (
				B655CCD81A262FF0005E2CDE /* Info.plist */,
				B655CCD91A262FF0005E2CDE /* main.m */,
			);
			name = "Supporting Files";
			sourceTree = "<group>";
		};
		B655CCF01A262FF0005E2CDE /* IMBenchmark-ExampleTests */ = {
			isa = PBXGroup;
			children = (
				B655CCF31A262FF0005E2CDE /* IMBenchmark_ExampleTests.m */,
				B655CCF11A262FF0005E2CDE /* Supporting Files */,
			);
			path = "IMBenchmark-ExampleTests";
			sourceTree = "<group>";
		};
		B655CCF11A262FF0005E2CDE /* Supporting Files */ = {
			isa = PBXGroup;
			children = (
				B655CCF21A262FF0005E2CDE /* Info.plist */,
			);
			name = "Supporting Files";
			sourceTree = "<group>";
		};
		B655CCFD1A263035005E2CDE /* IMBenchmark */ = {
			isa = PBXGroup;
			children = (
				B655CCFE1A263052005E2CDE /* IMBenchmark.h */,
				B655CCFF1A263052005E2CDE /* IMBenchmark.m */,
			);
			name = IMBenchmark;
			sourceTree = "<group>";
		};
/* End PBXGroup section */

/* Begin PBXNativeTarget section */
		B655CCD31A262FF0005E2CDE /* IMBenchmark-Example */ = {
			isa = PBXNativeTarget;
			buildConfigurationList = B655CCF71A262FF0005E2CDE /* Build configuration list for PBXNativeTarget "IMBenchmark-Example" */;
			buildPhases = (
				B655CCD01A262FF0005E2CDE /* Sources */,
				B655CCD11A262FF0005E2CDE /* Frameworks */,
				B655CCD21A262FF0005E2CDE /* Resources */,
			);
			buildRules = (
			);
			dependencies = (
			);
			name = "IMBenchmark-Example";
			productName = "IMBenchmark-Example";
			productReference = B655CCD41A262FF0005E2CDE /* IMBenchmark-Example.app */;
			productType = "com.apple.product-type.application";
		};
		B655CCEC1A262FF0005E2CDE /* IMBenchmark-ExampleTests */ = {
			isa = PBXNativeTarget;
			buildConfigurationList = B655CCFA1A262FF0005E2CDE /* Build configuration list for PBXNativeTarget "IMBenchmark-ExampleTests" */;
			buildPhases = (
				B655CCE91A262FF0005E2CDE /* Sources */,
				B655CCEA1A262FF0005E2CDE /* Frameworks */,
				B655CCEB1A262FF0005E2CDE /* Resources */,
			);
			buildRules = (
			);
			dependencies = (
				B655CCEF1A262FF0005E2CDE /* PBXTargetDependency */,
			);
			name = "IMBenchmark-ExampleTests";
			productName = "IMBenchmark-ExampleTests";
			productReference = B655CCED1A262FF0005E2CDE /* IMBenchmark-ExampleTests.xctest */;
			productType = "com.apple.product-type.bundle.unit-test";
		};
/* End PBXNativeTarget section */

/* Begin PBXProject section */
		B655CCCC1A262FF0005E2CDE /* Project object */ = {
			isa = PBXProject;
			attributes = {
				LastUpgradeCheck = 0610;
				ORGANIZATIONNAME = IM;
				TargetAttributes = {
					B655CCD31A262FF0005E2CDE = {
						CreatedOnToolsVersion = 6.1;
					};
					B655CCEC1A262FF0005E2CDE = {
						CreatedOnToolsVersion = 6.1;
						TestTargetID = B655CCD31A262FF0005E2CDE;
					};
				};
			};
			buildConfigurationList = B655CCCF1A262FF0005E2CDE /* Build configuration list for PBXProject "IMBenchmark-Example" */;
			compatibilityVersion = "Xcode 3.2";
			developmentRegion = English;
			hasScannedForEncodings = 0;
			knownRegions = (
				en,
				Base,
			);
			mainGroup = B655CCCB1A262FF0005E2CDE;
			productRefGroup = B655CCD51A262FF0005E2CDE /* Products */;
			projectDirPath = "";
			projectRoot = "";
			targets = (
				B655CCD31A262FF0005E2CDE /* IMBenchmark-Example */,
				B655CCEC1A262FF0005E2CDE /* IMBenchmark-ExampleTests */,
			);
		};
/* End PBXProject section */

/* Begin PBXResourcesBuildPhase section */
		B655CCD21A262FF0005E2CDE /* Resources */ = {
			isa = PBXResourcesBuildPhase;
			buildActionMask = 2147483647;
			files = (
				B655CCE31A262FF0005E2CDE /* Main.storyboard in Resources */,
				B655CCE81A262FF0005E2CDE /* LaunchScreen.xib in Resources */,
				B655CCE51A262FF0005E2CDE /* Images.xcassets in Resources */,
			);
			runOnlyForDeploymentPostprocessing = 0;
		};
		B655CCEB1A262FF0005E2CDE /* Resources */ = {
			isa = PBXResourcesBuildPhase;
			buildActionMask = 2147483647;
			files = (
			);
			runOnlyForDeploymentPostprocessing = 0;
		};
/* End PBXResourcesBuildPhase section */

/* Begin PBXSourcesBuildPhase section */
		B655CCD01A262FF0005E2CDE /* Sources */ = {
			isa = PBXSourcesBuildPhase;
			buildActionMask = 2147483647;
			files = (
				B655CCE01A262FF0005E2CDE /* ViewController.m in Sources */,
				B655CD001A263052005E2CDE /* IMBenchmark.m in Sources */,
				B655CCDD1A262FF0005E2CDE /* AppDelegate.m in Sources */,
				B655CCDA1A262FF0005E2CDE /* main.m in Sources */,
			);
			runOnlyForDeploymentPostprocessing = 0;
		};
		B655CCE91A262FF0005E2CDE /* Sources */ = {
			isa = PBXSourcesBuildPhase;
			buildActionMask = 2147483647;
			files = (
				B655CCF41A262FF0005E2CDE /* IMBenchmark_ExampleTests.m in Sources */,
			);
			runOnlyForDeploymentPostprocessing = 0;
		};
/* End PBXSourcesBuildPhase section */

/* Begin PBXTargetDependency section */
		B655CCEF1A262FF0005E2CDE /* PBXTargetDependency */ = {
			isa = PBXTargetDependency;
			target = B655CCD31A262FF0005E2CDE /* IMBenchmark-Example */;
			targetProxy = B655CCEE1A262FF0005E2CDE /* PBXContainerItemProxy */;
		};
/* End PBXTargetDependency section */

/* Begin PBXVariantGroup section */
		B655CCE11A262FF0005E2CDE /* Main.storyboard */ = {
			isa = PBXVariantGroup;
			children = (
				B655CCE21A262FF0005E2CDE /* Base */,
			);
			name = Main.storyboard;
			sourceTree = "<group>";
		};
		B655CCE61A262FF0005E2CDE /* LaunchScreen.xib */ = {
			isa = PBXVariantGroup;
			children = (
				B655CCE71A262FF0005E2CDE /* Base */,
			);
			name = LaunchScreen.xib;
			sourceTree = "<group>";
		};
/* End PBXVariantGroup section */

/* Begin XCBuildConfiguration section */
		B655CCF51A262FF0005E2CDE /* Debug */ = {
			isa = XCBuildConfiguration;
			buildSettings = {
				ALWAYS_SEARCH_USER_PATHS = NO;
				CLANG_CXX_LANGUAGE_STANDARD = "gnu++0x";
				CLANG_CXX_LIBRARY = "libc++";
				CLANG_ENABLE_MODULES = YES;
				CLANG_ENABLE_OBJC_ARC = YES;
				CLANG_WARN_BOOL_CONVERSION = YES;
				CLANG_WARN_CONSTANT_CONVERSION = YES;
				CLANG_WARN_DIRECT_OBJC_ISA_USAGE = YES_ERROR;
				CLANG_WARN_EMPTY_BODY = YES;
				CLANG_WARN_ENUM_CONVERSION = YES;
				CLANG_WARN_INT_CONVERSION = YES;
				CLANG_WARN_OBJC_ROOT_CLASS = YES_ERROR;
				CLANG_WARN_UNREACHABLE_CODE = YES;
				CLANG_WARN__DUPLICATE_METHOD_MATCH = YES;
				"CODE_SIGN_IDENTITY[sdk=iphoneos*]" = "iPhone Developer";
				COPY_PHASE_STRIP = NO;
				ENABLE_STRICT_OBJC_MSGSEND = YES;
				GCC_C_LANGUAGE_STANDARD = gnu99;
				GCC_DYNAMIC_NO_PIC = NO;
				GCC_OPTIMIZATION_LEVEL = 0;
				GCC_PREPROCESSOR_DEFINITIONS = (
					"DEBUG=1",
					"$(inherited)",
				);
				GCC_SYMBOLS_PRIVATE_EXTERN = NO;
				GCC_WARN_64_TO_32_BIT_CONVERSION = YES;
				GCC_WARN_ABOUT_RETURN_TYPE = YES_ERROR;
				GCC_WARN_UNDECLARED_SELECTOR = YES;
				GCC_WARN_UNINITIALIZED_AUTOS = YES_AGGRESSIVE;
				GCC_WARN_UNUSED_FUNCTION = YES;
				GCC_WARN_UNUSED_VARIABLE = YES;
				IPHONEOS_DEPLOYMENT_TARGET = 8.1;
				MTL_ENABLE_DEBUG_INFO = YES;
				ONLY_ACTIVE_ARCH = YES;
				SDKROOT = iphoneos;
			};
			name = Debug;
		};
		B655CCF61A262FF0005E2CDE /* Release */ = {
			isa = XCBuildConfiguration;
			buildSettings = {
				ALWAYS_SEARCH_USER_PATHS = NO;
				CLANG_CXX_LANGUAGE_STANDARD = "gnu++0x";
				CLANG_CXX_LIBRARY = "libc++";
				CLANG_ENABLE_MODULES = YES;
				CLANG_ENABLE_OBJC_ARC = YES;
				CLANG_WARN_BOOL_CONVERSION = YES;
				CLANG_WARN_CONSTANT_CONVERSION = YES;
				CLANG_WARN_DIRECT_OBJC_ISA_USAGE = YES_ERROR;
				CLANG_WARN_EMPTY_BODY = YES;
				CLANG_WARN_ENUM_CONVERSION = YES;
				CLANG_WARN_INT_CONVERSION = YES;
				CLANG_WARN_OBJC_ROOT_CLASS = YES_ERROR;
				CLANG_WARN_UNREACHABLE_CODE = YES;
				CLANG_WARN__DUPLICATE_METHOD_MATCH = YES;
				"CODE_SIGN_IDENTITY[sdk=iphoneos*]" = "iPhone Developer";
				COPY_PHASE_STRIP = YES;
				ENABLE_NS_ASSERTIONS = NO;
				ENABLE_STRICT_OBJC_MSGSEND = YES;
				GCC_C_LANGUAGE_STANDARD = gnu99;
				GCC_WARN_64_TO_32_BIT_CONVERSION = YES;
				GCC_WARN_ABOUT_RETURN_TYPE = YES_ERROR;
				GCC_WARN_UNDECLARED_SELECTOR = YES;
				GCC_WARN_UNINITIALIZED_AUTOS = YES_AGGRESSIVE;
				GCC_WARN_UNUSED_FUNCTION = YES;
				GCC_WARN_UNUSED_VARIABLE = YES;
				IPHONEOS_DEPLOYMENT_TARGET = 8.1;
				MTL_ENABLE_DEBUG_INFO = NO;
				SDKROOT = iphoneos;
				VALIDATE_PRODUCT = YES;
			};
			name = Release;
		};
		B655CCF81A262FF0005E2CDE /* Debug */ = {
			isa = XCBuildConfiguration;
			buildSettings = {
				ASSETCATALOG_COMPILER_APPICON_NAME = AppIcon;
				INFOPLIST_FILE = "IMBenchmark-Example/Info.plist";
				LD_RUNPATH_SEARCH_PATHS = "$(inherited) @executable_path/Frameworks";
				PRODUCT_NAME = "$(TARGET_NAME)";
			};
			name = Debug;
		};
		B655CCF91A262FF0005E2CDE /* Release */ = {
			isa = XCBuildConfiguration;
			buildSettings = {
				ASSETCATALOG_COMPILER_APPICON_NAME = AppIcon;
				INFOPLIST_FILE = "IMBenchmark-Example/Info.plist";
				LD_RUNPATH_SEARCH_PATHS = "$(inherited) @executable_path/Frameworks";
				PRODUCT_NAME = "$(TARGET_NAME)";
			};
			name = Release;
		};
		B655CCFB1A262FF0005E2CDE /* Debug */ = {
			isa = XCBuildConfiguration;
			buildSettings = {
				BUNDLE_LOADER = "$(TEST_HOST)";
				FRAMEWORK_SEARCH_PATHS = (
					"$(SDKROOT)/Developer/Library/Frameworks",
					"$(inherited)",
				);
				GCC_PREPROCESSOR_DEFINITIONS = (
					"DEBUG=1",
					"$(inherited)",
				);
				INFOPLIST_FILE = "IMBenchmark-ExampleTests/Info.plist";
				LD_RUNPATH_SEARCH_PATHS = "$(inherited) @executable_path/Frameworks @loader_path/Frameworks";
				PRODUCT_NAME = "$(TARGET_NAME)";
				TEST_HOST = "$(BUILT_PRODUCTS_DIR)/IMBenchmark-Example.app/IMBenchmark-Example";
			};
			name = Debug;
		};
		B655CCFC1A262FF0005E2CDE /* Release */ = {
			isa = XCBuildConfiguration;
			buildSettings = {
				BUNDLE_LOADER = "$(TEST_HOST)";
				FRAMEWORK_SEARCH_PATHS = (
					"$(SDKROOT)/Developer/Library/Frameworks",
					"$(inherited)",
				);
				INFOPLIST_FILE = "IMBenchmark-ExampleTests/Info.plist";
				LD_RUNPATH_SEARCH_PATHS = "$(inherited) @executable_path/Frameworks @loader_path/Frameworks";
				PRODUCT_NAME = "$(TARGET_NAME)";
				TEST_HOST = "$(BUILT_PRODUCTS_DIR)/IMBenchmark-Example.app/IMBenchmark-Example";
			};
			name = Release;
		};
/* End XCBuildConfiguration section */

/* Begin XCConfigurationList section */
		B655CCCF1A262FF0005E2CDE /* Build configuration list for PBXProject "IMBenchmark-Example" */ = {
			isa = XCConfigurationList;
			buildConfigurations = (
				B655CCF51A262FF0005E2CDE /* Debug */,
				B655CCF61A262FF0005E2CDE /* Release */,
			);
			defaultConfigurationIsVisible = 0;
			defaultConfigurationName = Release;
		};
		B655CCF71A262FF0005E2CDE /* Build configuration list for PBXNativeTarget "IMBenchmark-Example" */ = {
			isa = XCConfigurationList;
			buildConfigurations = (
				B655CCF81A262FF0005E2CDE /* Debug */,
				B655CCF91A262FF0005E2CDE /* Release */,
			);
			defaultConfigurationIsVisible = 0;
		};
		B655CCFA1A262FF0005E2CDE /* Build configuration list for PBXNativeTarget "IMBenchmark-ExampleTests" */ = {
			isa = XCConfigurationList;
			buildConfigurations = (
				B655CCFB1A262FF0005E2CDE /* Debug */,
				B655CCFC1A262FF0005E2CDE /* Release */,
			);
			defaultConfigurationIsVisible = 0;
		};
/* End XCConfigurationList section */
	};
	rootObject = B655CCCC1A262FF0005E2CDE /* Project object */;
}
